
Microsoft Visual Studio Solution File, Format Version 12.00
# Visual Studio 2013
VisualStudioVersion = 12.0.30723.0
MinimumVisualStudioVersion = 10.0.40219.1
Project("{2150E333-8FDC-42A3-9474-1A3956D46DE8}") = "COM Server", "COM Server", "{31A30F0B-2239-4927-A2F4-4A582EC78279}"
EndProject
Project("{2150E333-8FDC-42A3-9474-1A3956D46DE8}") = "COM Client", "COM Client", "{04B819AB-3254-41E9-97E3-38E4BDD1F16D}"
EndProject
Project("{8BC9CEB8-8B4A-11D0-8D11-00A0C91BC942}") = "COM", "COM\COM.vcxproj", "{E2C80332-D401-4C87-8FD5-50E2A1F938D2}"
EndProject
Project("{8BC9CEB8-8B4A-11D0-8D11-00A0C91BC942}") = "RegistryWay", "RegistryWay\RegistryWay.vcxproj", "{8381DF66-8990-4CB3-9948-FD000C83A868}"
EndProject
Project("{8BC9CEB8-8B4A-11D0-8D11-00A0C91BC942}") = "RegistryFreeWay", "RegistryFreeWay\RegistryFreeWay.vcxproj", "{6D89F903-C5BB-421B-8285-42375A0E6220}"
EndProject
Project("{8BC9CEB8-8B4A-11D0-8D11-00A0C91BC942}") = "CustomizedWay", "CustomizedWay\CustomizedWay.vcxproj", "{960B24EE-BCE4-4DEC-86DA-4FA26D3BD4BE}"
EndProject
Project("{8BC9CEB8-8B4A-11D0-8D11-00A0C91BC942}") = "COMDLL", "COMDLL\COMDLL.vcxproj", "{963B6ED2-4554-4DA6-8A24-D8EFA7D7F788}"
EndProject
Global
	GlobalSection(SolutionConfigurationPlatforms) = preSolution
		Debug|Win32 = Debug|Win32
		Release|Win32 = Release|Win32
	EndGlobalSection
	GlobalSection(ProjectConfigurationPlatforms) = postSolution
		{E2C80332-D401-4C87-8FD5-50E2A1F938D2}.Debug|Win32.ActiveCfg = Debug|Win32
		{E2C80332-D401-4C87-8FD5-50E2A1F938D2}.Debug|Win32.Build.0 = Debug|Win32
		{E2C80332-D401-4C87-8FD5-50E2A1F938D2}.Release|Win32.ActiveCfg = Release|Win32
		{E2C80332-D401-4C87-8FD5-50E2A1F938D2}.Release|Win32.Build.0 = Release|Win32
		{8381DF66-8990-4CB3-9948-FD000C83A868}.Debug|Win32.ActiveCfg = Debug|Win32
		{8381DF66-8990-4CB3-9948-FD000C83A868}.Debug|Win32.Build.0 = Debug|Win32
		{8381DF66-8990-4CB3-9948-FD000C83A868}.Release|Win32.ActiveCfg = Release|Win32
		{8381DF66-8990-4CB3-9948-FD000C83A868}.Release|Win32.Build.0 = Release|Win32
		{6D89F903-C5BB-421B-8285-42375A0E6220}.Debug|Win32.ActiveCfg = Debug|Win32
		{6D89F903-C5BB-421B-8285-42375A0E6220}.Debug|Win32.Build.0 = Debug|Win32
		{6D89F903-C5BB-421B-8285-42375A0E6220}.Release|Win32.ActiveCfg = Release|Win32
		{6D89F903-C5BB-421B-8285-42375A0E6220}.Release|Win32.Build.0 = Release|Win32
		{960B24EE-BCE4-4DEC-86DA-4FA26D3BD4BE}.Debug|Win32.ActiveCfg = Debug|Win32
		{960B24EE-BCE4-4DEC-86DA-4FA26D3BD4BE}.Debug|Win32.Build.0 = Debug|Win32
		{960B24EE-BCE4-4DEC-86DA-4FA26D3BD4BE}.Release|Win32.ActiveCfg = Release|Win32
		{960B24EE-BCE4-4DEC-86DA-4FA26D3BD4BE}.Release|Win32.Build.0 = Release|Win32
		{963B6ED2-4554-4DA6-8A24-D8EFA7D7F788}.Debug|Win32.ActiveCfg = Debug|Win32
		{963B6ED2-4554-4DA6-8A24-D8EFA7D7F788}.Debug|Win32.Build.0 = Debug|Win32
		{963B6ED2-4554-4DA6-8A24-D8EFA7D7F788}.Release|Win32.ActiveCfg = Release|Win32
		{963B6ED2-4554-4DA6-8A24-D8EFA7D7F788}.Release|Win32.Build.0 = Release|Win32
	EndGlobalSection
	GlobalSection(SolutionProperties) = preSolution
		HideSolutionNode = FALSE
	EndGlobalSection
	GlobalSection(NestedProjects) = preSolution
		{E2C80332-D401-4C87-8FD5-50E2A1F938D2} = {31A30F0B-2239-4927-A2F4-4A582EC78279}
		{8381DF66-8990-4CB3-9948-FD000C83A868} = {04B819AB-3254-41E9-97E3-38E4BDD1F16D}
		{6D89F903-C5BB-421B-8285-42375A0E6220} = {04B819AB-3254-41E9-97E3-38E4BDD1F16D}
		{960B24EE-BCE4-4DEC-86DA-4FA26D3BD4BE} = {04B819AB-3254-41E9-97E3-38E4BDD1F16D}
		{963B6ED2-4554-4DA6-8A24-D8EFA7D7F788} = {31A30F0B-2239-4927-A2F4-4A582EC78279}
	EndGlobalSection
EndGlobal
